// !$*UTF8*$!
{
	archiveVersion = 1;
	classes = {
	};
	objectVersion = 56;
	objects = {

/* Begin PBXBuildFile section */
		D40134AA2D5C49AE00C1FDA9 /* ProfileImageService.swift in Sources */ = {isa = PBXBuildFile; fileRef = D40134A92D5C49AE00C1FDA9 /* ProfileImageService.swift */; };
		D40134AC2D5C49E400C1FDA9 /* UserResult.swift in Sources */ = {isa = PBXBuildFile; fileRef = D40134AB2D5C49E400C1FDA9 /* UserResult.swift */; };
		D40134AE2D5C4B5000C1FDA9 /* ImageResult.swift in Sources */ = {isa = PBXBuildFile; fileRef = D40134AD2D5C4B5000C1FDA9 /* ImageResult.swift */; };
		D40961B32D6B9DE500754E4E /* HTTPMethod.swift in Sources */ = {isa = PBXBuildFile; fileRef = D40961B22D6B9DE500754E4E /* HTTPMethod.swift */; };
		D40961B52D6BA08200754E4E /* AuthErrorAlert.swift in Sources */ = {isa = PBXBuildFile; fileRef = D40961B42D6BA08200754E4E /* AuthErrorAlert.swift */; };
		D422DFB02D29A44700E971F8 /* SingleImageViewController.swift in Sources */ = {isa = PBXBuildFile; fileRef = D422DFAF2D29A44700E971F8 /* SingleImageViewController.swift */; };
		D42B30662D46A2F000BDD87A /* NetworkError.swift in Sources */ = {isa = PBXBuildFile; fileRef = D42B30652D46A2F000BDD87A /* NetworkError.swift */; };
		D42B30682D46A30700BDD87A /* HTTPStatusCode.swift in Sources */ = {isa = PBXBuildFile; fileRef = D42B30672D46A30700BDD87A /* HTTPStatusCode.swift */; };
		D42B306A2D46A38200BDD87A /* OAuth2TokenResponseBody.swift in Sources */ = {isa = PBXBuildFile; fileRef = D42B30692D46A38200BDD87A /* OAuth2TokenResponseBody.swift */; };
		D42FAF172D43B5FF00929470 /* SplashViewController.swift in Sources */ = {isa = PBXBuildFile; fileRef = D42FAF162D43B5FF00929470 /* SplashViewController.swift */; };
		D42FAF192D43BC1E00929470 /* AuthViewControllerDelegate.swift in Sources */ = {isa = PBXBuildFile; fileRef = D42FAF182D43BC1D00929470 /* AuthViewControllerDelegate.swift */; };
		D43256382D61DEBE00CF8B25 /* SwiftKeychainWrapper in Frameworks */ = {isa = PBXBuildFile; productRef = D43256372D61DEBE00CF8B25 /* SwiftKeychainWrapper */; };
		D432563A2D61EEB400CF8B25 /* TabBarController.swift in Sources */ = {isa = PBXBuildFile; fileRef = D43256392D61EEB400CF8B25 /* TabBarController.swift */; };
		D441391E2D13CC18007D5995 /* AppDelegate.swift in Sources */ = {isa = PBXBuildFile; fileRef = D441391D2D13CC18007D5995 /* AppDelegate.swift */; };
		D44139202D13CC18007D5995 /* SceneDelegate.swift in Sources */ = {isa = PBXBuildFile; fileRef = D441391F2D13CC18007D5995 /* SceneDelegate.swift */; };
		D44139222D13CC18007D5995 /* ImagesListViewController.swift in Sources */ = {isa = PBXBuildFile; fileRef = D44139212D13CC18007D5995 /* ImagesListViewController.swift */; };
		D44139252D13CC18007D5995 /* Base in Resources */ = {isa = PBXBuildFile; fileRef = D44139242D13CC18007D5995 /* Base */; };
		D44139272D13CC1A007D5995 /* Assets.xcassets in Resources */ = {isa = PBXBuildFile; fileRef = D44139262D13CC1A007D5995 /* Assets.xcassets */; };
		D441392A2D13CC1A007D5995 /* Base in Resources */ = {isa = PBXBuildFile; fileRef = D44139292D13CC1A007D5995 /* Base */; };
		D44BBF9B2D4E18AD004C1939 /* ProgressHUD in Frameworks */ = {isa = PBXBuildFile; productRef = D44BBF9A2D4E18AD004C1939 /* ProgressHUD */; };
		D456AAF62D6987F800882A0F /* AppColor.swift in Sources */ = {isa = PBXBuildFile; fileRef = D456AAF52D6987F800882A0F /* AppColor.swift */; };
		D479809D2D46B16800BFBFD4 /* WebViewViewControllerDelegate.swift in Sources */ = {isa = PBXBuildFile; fileRef = D479809C2D46B16800BFBFD4 /* WebViewViewControllerDelegate.swift */; };
		D479809F2D46B1B400BFBFD4 /* OAuth2TokenStorageDelegate.swift in Sources */ = {isa = PBXBuildFile; fileRef = D479809E2D46B1B400BFBFD4 /* OAuth2TokenStorageDelegate.swift */; };
		D47BCB6C2D42E7BC00362971 /* URLSession+data.swift in Sources */ = {isa = PBXBuildFile; fileRef = D47BCB6B2D42E7BC00362971 /* URLSession+data.swift */; };
		D47BCB6E2D42EB5D00362971 /* OAuth2TokenStorage.swift in Sources */ = {isa = PBXBuildFile; fileRef = D47BCB6D2D42EB5D00362971 /* OAuth2TokenStorage.swift */; };
		D48B8FEF2D53C89500A87C8F /* ProfileService.swift in Sources */ = {isa = PBXBuildFile; fileRef = D48B8FEE2D53C89500A87C8F /* ProfileService.swift */; };
		D48B8FF12D53C91B00A87C8F /* ProfileResult.swift in Sources */ = {isa = PBXBuildFile; fileRef = D48B8FF02D53C91B00A87C8F /* ProfileResult.swift */; };
		D4973E132D5836AF000514CF /* Profile.swift in Sources */ = {isa = PBXBuildFile; fileRef = D4973E122D5836AF000514CF /* Profile.swift */; };
		D49E57942D53142B0039C7AD /* AuthServiceError.swift in Sources */ = {isa = PBXBuildFile; fileRef = D49E57932D53142B0039C7AD /* AuthServiceError.swift */; };
		D49E57962D53146C0039C7AD /* UIBlockingProgressHUD.swift in Sources */ = {isa = PBXBuildFile; fileRef = D49E57952D53146C0039C7AD /* UIBlockingProgressHUD.swift */; };
		D4A5ADAF2D40A0A1003BC515 /* OAuth2Service.swift in Sources */ = {isa = PBXBuildFile; fileRef = D4A5ADAE2D40A0A1003BC515 /* OAuth2Service.swift */; };
		D4AC10112D16BD6D0025D2A5 /* ImagesListCell.swift in Sources */ = {isa = PBXBuildFile; fileRef = D4AC10102D16BD6D0025D2A5 /* ImagesListCell.swift */; };
		D4D2050D2D381C3500705482 /* Constants.swift in Sources */ = {isa = PBXBuildFile; fileRef = D4D2050C2D381C3500705482 /* Constants.swift */; };
		D4D205122D3B504400705482 /* AuthViewController.swift in Sources */ = {isa = PBXBuildFile; fileRef = D4D205112D3B504400705482 /* AuthViewController.swift */; };
		D4D205152D3B514B00705482 /* WebViewViewController.swift in Sources */ = {isa = PBXBuildFile; fileRef = D4D205142D3B514B00705482 /* WebViewViewController.swift */; };
		D4E84CD32D61A42D00CCD42C /* Kingfisher in Frameworks */ = {isa = PBXBuildFile; productRef = D4E84CD22D61A42D00CCD42C /* Kingfisher */; };
		D4F8F4E82D290FC600E0A242 /* ProfileViewController.swift in Sources */ = {isa = PBXBuildFile; fileRef = D4F8F4E72D290FC600E0A242 /* ProfileViewController.swift */; };
/* End PBXBuildFile section */

/* Begin PBXFileReference section */
		D40134A92D5C49AE00C1FDA9 /* ProfileImageService.swift */ = {isa = PBXFileReference; lastKnownFileType = sourcecode.swift; path = ProfileImageService.swift; sourceTree = "<group>"; };
		D40134AB2D5C49E400C1FDA9 /* UserResult.swift */ = {isa = PBXFileReference; lastKnownFileType = sourcecode.swift; path = UserResult.swift; sourceTree = "<group>"; };
		D40134AD2D5C4B5000C1FDA9 /* ImageResult.swift */ = {isa = PBXFileReference; lastKnownFileType = sourcecode.swift; path = ImageResult.swift; sourceTree = "<group>"; };
		D40961B22D6B9DE500754E4E /* HTTPMethod.swift */ = {isa = PBXFileReference; lastKnownFileType = sourcecode.swift; path = HTTPMethod.swift; sourceTree = "<group>"; };
		D40961B42D6BA08200754E4E /* AuthErrorAlert.swift */ = {isa = PBXFileReference; lastKnownFileType = sourcecode.swift; path = AuthErrorAlert.swift; sourceTree = "<group>"; };
		D422DFAF2D29A44700E971F8 /* SingleImageViewController.swift */ = {isa = PBXFileReference; lastKnownFileType = sourcecode.swift; path = SingleImageViewController.swift; sourceTree = "<group>"; };
		D42B30652D46A2F000BDD87A /* NetworkError.swift */ = {isa = PBXFileReference; lastKnownFileType = sourcecode.swift; path = NetworkError.swift; sourceTree = "<group>"; };
		D42B30672D46A30700BDD87A /* HTTPStatusCode.swift */ = {isa = PBXFileReference; lastKnownFileType = sourcecode.swift; path = HTTPStatusCode.swift; sourceTree = "<group>"; };
		D42B30692D46A38200BDD87A /* OAuth2TokenResponseBody.swift */ = {isa = PBXFileReference; lastKnownFileType = sourcecode.swift; path = OAuth2TokenResponseBody.swift; sourceTree = "<group>"; };
		D42FAF162D43B5FF00929470 /* SplashViewController.swift */ = {isa = PBXFileReference; lastKnownFileType = sourcecode.swift; path = SplashViewController.swift; sourceTree = "<group>"; };
		D42FAF182D43BC1D00929470 /* AuthViewControllerDelegate.swift */ = {isa = PBXFileReference; lastKnownFileType = sourcecode.swift; path = AuthViewControllerDelegate.swift; sourceTree = "<group>"; };
		D43256392D61EEB400CF8B25 /* TabBarController.swift */ = {isa = PBXFileReference; lastKnownFileType = sourcecode.swift; path = TabBarController.swift; sourceTree = "<group>"; };
		D441391A2D13CC18007D5995 /* ImageFeed.app */ = {isa = PBXFileReference; explicitFileType = wrapper.application; includeInIndex = 0; path = ImageFeed.app; sourceTree = BUILT_PRODUCTS_DIR; };
		D441391D2D13CC18007D5995 /* AppDelegate.swift */ = {isa = PBXFileReference; lastKnownFileType = sourcecode.swift; path = AppDelegate.swift; sourceTree = "<group>"; };
		D441391F2D13CC18007D5995 /* SceneDelegate.swift */ = {isa = PBXFileReference; lastKnownFileType = sourcecode.swift; path = SceneDelegate.swift; sourceTree = "<group>"; };
		D44139212D13CC18007D5995 /* ImagesListViewController.swift */ = {isa = PBXFileReference; lastKnownFileType = sourcecode.swift; path = ImagesListViewController.swift; sourceTree = "<group>"; };
		D44139242D13CC18007D5995 /* Base */ = {isa = PBXFileReference; lastKnownFileType = file.storyboard; name = Base; path = Base.lproj/Main.storyboard; sourceTree = "<group>"; };
		D44139262D13CC1A007D5995 /* Assets.xcassets */ = {isa = PBXFileReference; lastKnownFileType = folder.assetcatalog; path = Assets.xcassets; sourceTree = "<group>"; };
		D44139292D13CC1A007D5995 /* Base */ = {isa = PBXFileReference; lastKnownFileType = file.storyboard; name = Base; path = Base.lproj/LaunchScreen.storyboard; sourceTree = "<group>"; };
		D441392B2D13CC1A007D5995 /* Info.plist */ = {isa = PBXFileReference; lastKnownFileType = text.plist.xml; path = Info.plist; sourceTree = "<group>"; };
		D456AAF52D6987F800882A0F /* AppColor.swift */ = {isa = PBXFileReference; lastKnownFileType = sourcecode.swift; path = AppColor.swift; sourceTree = "<group>"; };
		D479809C2D46B16800BFBFD4 /* WebViewViewControllerDelegate.swift */ = {isa = PBXFileReference; lastKnownFileType = sourcecode.swift; path = WebViewViewControllerDelegate.swift; sourceTree = "<group>"; };
		D479809E2D46B1B400BFBFD4 /* OAuth2TokenStorageDelegate.swift */ = {isa = PBXFileReference; lastKnownFileType = sourcecode.swift; path = OAuth2TokenStorageDelegate.swift; sourceTree = "<group>"; };
		D47BCB6B2D42E7BC00362971 /* URLSession+data.swift */ = {isa = PBXFileReference; lastKnownFileType = sourcecode.swift; path = "URLSession+data.swift"; sourceTree = "<group>"; };
		D47BCB6D2D42EB5D00362971 /* OAuth2TokenStorage.swift */ = {isa = PBXFileReference; lastKnownFileType = sourcecode.swift; path = OAuth2TokenStorage.swift; sourceTree = "<group>"; };
		D48B8FEE2D53C89500A87C8F /* ProfileService.swift */ = {isa = PBXFileReference; lastKnownFileType = sourcecode.swift; path = ProfileService.swift; sourceTree = "<group>"; };
		D48B8FF02D53C91B00A87C8F /* ProfileResult.swift */ = {isa = PBXFileReference; lastKnownFileType = sourcecode.swift; path = ProfileResult.swift; sourceTree = "<group>"; };
		D4973E122D5836AF000514CF /* Profile.swift */ = {isa = PBXFileReference; lastKnownFileType = sourcecode.swift; path = Profile.swift; sourceTree = "<group>"; };
		D49E57932D53142B0039C7AD /* AuthServiceError.swift */ = {isa = PBXFileReference; lastKnownFileType = sourcecode.swift; path = AuthServiceError.swift; sourceTree = "<group>"; };
		D49E57952D53146C0039C7AD /* UIBlockingProgressHUD.swift */ = {isa = PBXFileReference; lastKnownFileType = sourcecode.swift; path = UIBlockingProgressHUD.swift; sourceTree = "<group>"; };
		D4A5ADAE2D40A0A1003BC515 /* OAuth2Service.swift */ = {isa = PBXFileReference; lastKnownFileType = sourcecode.swift; path = OAuth2Service.swift; sourceTree = "<group>"; };
		D4AC10102D16BD6D0025D2A5 /* ImagesListCell.swift */ = {isa = PBXFileReference; lastKnownFileType = sourcecode.swift; path = ImagesListCell.swift; sourceTree = "<group>"; };
		D4D2050C2D381C3500705482 /* Constants.swift */ = {isa = PBXFileReference; lastKnownFileType = sourcecode.swift; path = Constants.swift; sourceTree = "<group>"; };
		D4D205112D3B504400705482 /* AuthViewController.swift */ = {isa = PBXFileReference; lastKnownFileType = sourcecode.swift; path = AuthViewController.swift; sourceTree = "<group>"; };
		D4D205142D3B514B00705482 /* WebViewViewController.swift */ = {isa = PBXFileReference; lastKnownFileType = sourcecode.swift; path = WebViewViewController.swift; sourceTree = "<group>"; };
		D4F8F4E72D290FC600E0A242 /* ProfileViewController.swift */ = {isa = PBXFileReference; lastKnownFileType = sourcecode.swift; path = ProfileViewController.swift; sourceTree = "<group>"; };
/* End PBXFileReference section */

/* Begin PBXFrameworksBuildPhase section */
		D44139172D13CC18007D5995 /* Frameworks */ = {
			isa = PBXFrameworksBuildPhase;
			buildActionMask = 2147483647;
			files = (
				D4E84CD32D61A42D00CCD42C /* Kingfisher in Frameworks */,
				D44BBF9B2D4E18AD004C1939 /* ProgressHUD in Frameworks */,
				D43256382D61DEBE00CF8B25 /* SwiftKeychainWrapper in Frameworks */,
			);
			runOnlyForDeploymentPostprocessing = 0;
		};
/* End PBXFrameworksBuildPhase section */

/* Begin PBXGroup section */
		D422DFB12D29A6CA00E971F8 /* SingleImageView */ = {
			isa = PBXGroup;
			children = (
				D422DFAF2D29A44700E971F8 /* SingleImageViewController.swift */,
			);
			path = SingleImageView;
			sourceTree = "<group>";
		};
		D42B30642D46A2C500BDD87A /* Models */ = {
			isa = PBXGroup;
			children = (
				D456AAF52D6987F800882A0F /* AppColor.swift */,
				D4D2050C2D381C3500705482 /* Constants.swift */,
				D42B30652D46A2F000BDD87A /* NetworkError.swift */,
				D40961B42D6BA08200754E4E /* AuthErrorAlert.swift */,
				D49E57932D53142B0039C7AD /* AuthServiceError.swift */,
				D40961B22D6B9DE500754E4E /* HTTPMethod.swift */,
				D42B30672D46A30700BDD87A /* HTTPStatusCode.swift */,
				D49E57952D53146C0039C7AD /* UIBlockingProgressHUD.swift */,
			);
			path = Models;
			sourceTree = "<group>";
		};
		D42FAF1A2D43C07300929470 /* ServiceAccessLayer */ = {
			isa = PBXGroup;
			children = (
				D48B8FED2D53C88100A87C8F /* ProfileService */,
				D4D205132D3B504E00705482 /* OAuth2 */,
			);
			path = ServiceAccessLayer;
			sourceTree = "<group>";
		};
		D42FAF1B2D43C0D000929470 /* SplashViewController */ = {
			isa = PBXGroup;
			children = (
				D42FAF162D43B5FF00929470 /* SplashViewController.swift */,
			);
			path = SplashViewController;
			sourceTree = "<group>";
		};
		D42FAF1C2D43C0F300929470 /* Auth */ = {
			isa = PBXGroup;
			children = (
				D4D205112D3B504400705482 /* AuthViewController.swift */,
				D42FAF182D43BC1D00929470 /* AuthViewControllerDelegate.swift */,
				D4D205142D3B514B00705482 /* WebViewViewController.swift */,
				D479809C2D46B16800BFBFD4 /* WebViewViewControllerDelegate.swift */,
				D47BCB6B2D42E7BC00362971 /* URLSession+data.swift */,
			);
			path = Auth;
			sourceTree = "<group>";
		};
		D44139112D13CC18007D5995 = {
			isa = PBXGroup;
			children = (
				D441391C2D13CC18007D5995 /* ImageFeed */,
				D441391B2D13CC18007D5995 /* Products */,
			);
			sourceTree = "<group>";
		};
		D441391B2D13CC18007D5995 /* Products */ = {
			isa = PBXGroup;
			children = (
				D441391A2D13CC18007D5995 /* ImageFeed.app */,
			);
			name = Products;
			sourceTree = "<group>";
		};
		D441391C2D13CC18007D5995 /* ImageFeed */ = {
			isa = PBXGroup;
			children = (
				D441391D2D13CC18007D5995 /* AppDelegate.swift */,
				D441391F2D13CC18007D5995 /* SceneDelegate.swift */,
				D43256392D61EEB400CF8B25 /* TabBarController.swift */,
				D42FAF1B2D43C0D000929470 /* SplashViewController */,
				D42FAF1C2D43C0F300929470 /* Auth */,
				D4AC10122D16BDAA0025D2A5 /* ImagesList */,
				D422DFB12D29A6CA00E971F8 /* SingleImageView */,
				D4F8F4E92D2910A100E0A242 /* Profile */,
				D42FAF1A2D43C07300929470 /* ServiceAccessLayer */,
				D42B30642D46A2C500BDD87A /* Models */,
				D44139232D13CC18007D5995 /* Main.storyboard */,
				D44139282D13CC1A007D5995 /* LaunchScreen.storyboard */,
				D44139262D13CC1A007D5995 /* Assets.xcassets */,
				D441392B2D13CC1A007D5995 /* Info.plist */,
			);
			path = ImageFeed;
			sourceTree = "<group>";
		};
		D48B8FED2D53C88100A87C8F /* ProfileService */ = {
			isa = PBXGroup;
			children = (
				D48B8FEE2D53C89500A87C8F /* ProfileService.swift */,
				D48B8FF02D53C91B00A87C8F /* ProfileResult.swift */,
				D4973E122D5836AF000514CF /* Profile.swift */,
				D40134A92D5C49AE00C1FDA9 /* ProfileImageService.swift */,
				D40134AB2D5C49E400C1FDA9 /* UserResult.swift */,
				D40134AD2D5C4B5000C1FDA9 /* ImageResult.swift */,
			);
			path = ProfileService;
			sourceTree = "<group>";
		};
		D4AC10122D16BDAA0025D2A5 /* ImagesList */ = {
			isa = PBXGroup;
			children = (
				D4AC10102D16BD6D0025D2A5 /* ImagesListCell.swift */,
				D44139212D13CC18007D5995 /* ImagesListViewController.swift */,
			);
			path = ImagesList;
			sourceTree = "<group>";
		};
		D4D205132D3B504E00705482 /* OAuth2 */ = {
			isa = PBXGroup;
			children = (
				D4A5ADAE2D40A0A1003BC515 /* OAuth2Service.swift */,
				D47BCB6D2D42EB5D00362971 /* OAuth2TokenStorage.swift */,
				D479809E2D46B1B400BFBFD4 /* OAuth2TokenStorageDelegate.swift */,
				D42B30692D46A38200BDD87A /* OAuth2TokenResponseBody.swift */,
			);
			path = OAuth2;
			sourceTree = "<group>";
		};
		D4F8F4E92D2910A100E0A242 /* Profile */ = {
			isa = PBXGroup;
			children = (
				D4F8F4E72D290FC600E0A242 /* ProfileViewController.swift */,
			);
			path = Profile;
			sourceTree = "<group>";
		};
/* End PBXGroup section */

/* Begin PBXNativeTarget section */
		D44139192D13CC18007D5995 /* ImageFeed */ = {
			isa = PBXNativeTarget;
			buildConfigurationList = D441392E2D13CC1A007D5995 /* Build configuration list for PBXNativeTarget "ImageFeed" */;
			buildPhases = (
				D44139162D13CC18007D5995 /* Sources */,
				D44139172D13CC18007D5995 /* Frameworks */,
				D44139182D13CC18007D5995 /* Resources */,
			);
			buildRules = (
			);
			dependencies = (
			);
			name = ImageFeed;
			packageProductDependencies = (
				D44BBF9A2D4E18AD004C1939 /* ProgressHUD */,
				D4E84CD22D61A42D00CCD42C /* Kingfisher */,
				D43256372D61DEBE00CF8B25 /* SwiftKeychainWrapper */,
			);
			productName = ImageFeed;
			productReference = D441391A2D13CC18007D5995 /* ImageFeed.app */;
			productType = "com.apple.product-type.application";
		};
/* End PBXNativeTarget section */

/* Begin PBXProject section */
		D44139122D13CC18007D5995 /* Project object */ = {
			isa = PBXProject;
			attributes = {
				BuildIndependentTargetsInParallel = 1;
				LastSwiftUpdateCheck = 1540;
				LastUpgradeCheck = 1540;
				TargetAttributes = {
					D44139192D13CC18007D5995 = {
						CreatedOnToolsVersion = 15.4;
					};
				};
			};
			buildConfigurationList = D44139152D13CC18007D5995 /* Build configuration list for PBXProject "ImageFeed" */;
			compatibilityVersion = "Xcode 14.0";
			developmentRegion = en;
			hasScannedForEncodings = 0;
			knownRegions = (
				en,
				Base,
			);
			mainGroup = D44139112D13CC18007D5995;
			packageReferences = (
				D44BBF992D4E18AD004C1939 /* XCRemoteSwiftPackageReference "ProgressHUD" */,
				D4E84CD12D61A42D00CCD42C /* XCRemoteSwiftPackageReference "Kingfisher" */,
				D43256362D61DEBE00CF8B25 /* XCRemoteSwiftPackageReference "SwiftKeychainWrapper" */,
			);
			productRefGroup = D441391B2D13CC18007D5995 /* Products */;
			projectDirPath = "";
			projectRoot = "";
			targets = (
				D44139192D13CC18007D5995 /* ImageFeed */,
			);
		};
/* End PBXProject section */

/* Begin PBXResourcesBuildPhase section */
		D44139182D13CC18007D5995 /* Resources */ = {
			isa = PBXResourcesBuildPhase;
			buildActionMask = 2147483647;
			files = (
				D44139272D13CC1A007D5995 /* Assets.xcassets in Resources */,
				D441392A2D13CC1A007D5995 /* Base in Resources */,
				D44139252D13CC18007D5995 /* Base in Resources */,
			);
			runOnlyForDeploymentPostprocessing = 0;
		};
/* End PBXResourcesBuildPhase section */

/* Begin PBXSourcesBuildPhase section */
		D44139162D13CC18007D5995 /* Sources */ = {
			isa = PBXSourcesBuildPhase;
			buildActionMask = 2147483647;
			files = (
				D47BCB6E2D42EB5D00362971 /* OAuth2TokenStorage.swift in Sources */,
				D40134AC2D5C49E400C1FDA9 /* UserResult.swift in Sources */,
				D4973E132D5836AF000514CF /* Profile.swift in Sources */,
				D44139222D13CC18007D5995 /* ImagesListViewController.swift in Sources */,
				D4AC10112D16BD6D0025D2A5 /* ImagesListCell.swift in Sources */,
				D479809D2D46B16800BFBFD4 /* WebViewViewControllerDelegate.swift in Sources */,
				D4F8F4E82D290FC600E0A242 /* ProfileViewController.swift in Sources */,
				D441391E2D13CC18007D5995 /* AppDelegate.swift in Sources */,
				D40961B32D6B9DE500754E4E /* HTTPMethod.swift in Sources */,
				D40134AA2D5C49AE00C1FDA9 /* ProfileImageService.swift in Sources */,
				D42B306A2D46A38200BDD87A /* OAuth2TokenResponseBody.swift in Sources */,
				D4D205122D3B504400705482 /* AuthViewController.swift in Sources */,
				D42FAF172D43B5FF00929470 /* SplashViewController.swift in Sources */,
				D4D2050D2D381C3500705482 /* Constants.swift in Sources */,
				D422DFB02D29A44700E971F8 /* SingleImageViewController.swift in Sources */,
				D40961B52D6BA08200754E4E /* AuthErrorAlert.swift in Sources */,
				D42B30662D46A2F000BDD87A /* NetworkError.swift in Sources */,
				D47BCB6C2D42E7BC00362971 /* URLSession+data.swift in Sources */,
				D40134AE2D5C4B5000C1FDA9 /* ImageResult.swift in Sources */,
				D48B8FF12D53C91B00A87C8F /* ProfileResult.swift in Sources */,
				D4D205152D3B514B00705482 /* WebViewViewController.swift in Sources */,
				D4A5ADAF2D40A0A1003BC515 /* OAuth2Service.swift in Sources */,
				D456AAF62D6987F800882A0F /* AppColor.swift in Sources */,
				D42FAF192D43BC1E00929470 /* AuthViewControllerDelegate.swift in Sources */,
				D42B30682D46A30700BDD87A /* HTTPStatusCode.swift in Sources */,
				D44139202D13CC18007D5995 /* SceneDelegate.swift in Sources */,
				D49E57942D53142B0039C7AD /* AuthServiceError.swift in Sources */,
				D479809F2D46B1B400BFBFD4 /* OAuth2TokenStorageDelegate.swift in Sources */,
				D432563A2D61EEB400CF8B25 /* TabBarController.swift in Sources */,
				D49E57962D53146C0039C7AD /* UIBlockingProgressHUD.swift in Sources */,
				D48B8FEF2D53C89500A87C8F /* ProfileService.swift in Sources */,
			);
			runOnlyForDeploymentPostprocessing = 0;
		};
/* End PBXSourcesBuildPhase section */

/* Begin PBXVariantGroup section */
		D44139232D13CC18007D5995 /* Main.storyboard */ = {
			isa = PBXVariantGroup;
			children = (
				D44139242D13CC18007D5995 /* Base */,
			);
			name = Main.storyboard;
			sourceTree = "<group>";
		};
		D44139282D13CC1A007D5995 /* LaunchScreen.storyboard */ = {
			isa = PBXVariantGroup;
			children = (
				D44139292D13CC1A007D5995 /* Base */,
			);
			name = LaunchScreen.storyboard;
			sourceTree = "<group>";
		};
/* End PBXVariantGroup section */

/* Begin XCBuildConfiguration section */
		D441392C2D13CC1A007D5995 /* Debug */ = {
			isa = XCBuildConfiguration;
			buildSettings = {
				ALWAYS_SEARCH_USER_PATHS = NO;
				ASSETCATALOG_COMPILER_GENERATE_SWIFT_ASSET_SYMBOL_EXTENSIONS = YES;
				CLANG_ANALYZER_NONNULL = YES;
				CLANG_ANALYZER_NUMBER_OBJECT_CONVERSION = YES_AGGRESSIVE;
				CLANG_CXX_LANGUAGE_STANDARD = "gnu++20";
				CLANG_ENABLE_MODULES = YES;
				CLANG_ENABLE_OBJC_ARC = YES;
				CLANG_ENABLE_OBJC_WEAK = YES;
				CLANG_WARN_BLOCK_CAPTURE_AUTORELEASING = YES;
				CLANG_WARN_BOOL_CONVERSION = YES;
				CLANG_WARN_COMMA = YES;
				CLANG_WARN_CONSTANT_CONVERSION = YES;
				CLANG_WARN_DEPRECATED_OBJC_IMPLEMENTATIONS = YES;
				CLANG_WARN_DIRECT_OBJC_ISA_USAGE = YES_ERROR;
				CLANG_WARN_DOCUMENTATION_COMMENTS = YES;
				CLANG_WARN_EMPTY_BODY = YES;
				CLANG_WARN_ENUM_CONVERSION = YES;
				CLANG_WARN_INFINITE_RECURSION = YES;
				CLANG_WARN_INT_CONVERSION = YES;
				CLANG_WARN_NON_LITERAL_NULL_CONVERSION = YES;
				CLANG_WARN_OBJC_IMPLICIT_RETAIN_SELF = YES;
				CLANG_WARN_OBJC_LITERAL_CONVERSION = YES;
				CLANG_WARN_OBJC_ROOT_CLASS = YES_ERROR;
				CLANG_WARN_QUOTED_INCLUDE_IN_FRAMEWORK_HEADER = YES;
				CLANG_WARN_RANGE_LOOP_ANALYSIS = YES;
				CLANG_WARN_STRICT_PROTOTYPES = YES;
				CLANG_WARN_SUSPICIOUS_MOVE = YES;
				CLANG_WARN_UNGUARDED_AVAILABILITY = YES_AGGRESSIVE;
				CLANG_WARN_UNREACHABLE_CODE = YES;
				CLANG_WARN__DUPLICATE_METHOD_MATCH = YES;
				COPY_PHASE_STRIP = NO;
				DEBUG_INFORMATION_FORMAT = dwarf;
				ENABLE_STRICT_OBJC_MSGSEND = YES;
				ENABLE_TESTABILITY = YES;
				ENABLE_USER_SCRIPT_SANDBOXING = YES;
				GCC_C_LANGUAGE_STANDARD = gnu17;
				GCC_DYNAMIC_NO_PIC = NO;
				GCC_NO_COMMON_BLOCKS = YES;
				GCC_OPTIMIZATION_LEVEL = 0;
				GCC_PREPROCESSOR_DEFINITIONS = (
					"DEBUG=1",
					"$(inherited)",
				);
				GCC_WARN_64_TO_32_BIT_CONVERSION = YES;
				GCC_WARN_ABOUT_RETURN_TYPE = YES_ERROR;
				GCC_WARN_UNDECLARED_SELECTOR = YES;
				GCC_WARN_UNINITIALIZED_AUTOS = YES_AGGRESSIVE;
				GCC_WARN_UNUSED_FUNCTION = YES;
				GCC_WARN_UNUSED_VARIABLE = YES;
				IPHONEOS_DEPLOYMENT_TARGET = 13.0;
				LOCALIZATION_PREFERS_STRING_CATALOGS = YES;
				MTL_ENABLE_DEBUG_INFO = INCLUDE_SOURCE;
				MTL_FAST_MATH = YES;
				ONLY_ACTIVE_ARCH = YES;
				SDKROOT = iphoneos;
				SWIFT_ACTIVE_COMPILATION_CONDITIONS = "DEBUG $(inherited)";
				SWIFT_OPTIMIZATION_LEVEL = "-Onone";
			};
			name = Debug;
		};
		D441392D2D13CC1A007D5995 /* Release */ = {
			isa = XCBuildConfiguration;
			buildSettings = {
				ALWAYS_SEARCH_USER_PATHS = NO;
				ASSETCATALOG_COMPILER_GENERATE_SWIFT_ASSET_SYMBOL_EXTENSIONS = YES;
				CLANG_ANALYZER_NONNULL = YES;
				CLANG_ANALYZER_NUMBER_OBJECT_CONVERSION = YES_AGGRESSIVE;
				CLANG_CXX_LANGUAGE_STANDARD = "gnu++20";
				CLANG_ENABLE_MODULES = YES;
				CLANG_ENABLE_OBJC_ARC = YES;
				CLANG_ENABLE_OBJC_WEAK = YES;
				CLANG_WARN_BLOCK_CAPTURE_AUTORELEASING = YES;
				CLANG_WARN_BOOL_CONVERSION = YES;
				CLANG_WARN_COMMA = YES;
				CLANG_WARN_CONSTANT_CONVERSION = YES;
				CLANG_WARN_DEPRECATED_OBJC_IMPLEMENTATIONS = YES;
				CLANG_WARN_DIRECT_OBJC_ISA_USAGE = YES_ERROR;
				CLANG_WARN_DOCUMENTATION_COMMENTS = YES;
				CLANG_WARN_EMPTY_BODY = YES;
				CLANG_WARN_ENUM_CONVERSION = YES;
				CLANG_WARN_INFINITE_RECURSION = YES;
				CLANG_WARN_INT_CONVERSION = YES;
				CLANG_WARN_NON_LITERAL_NULL_CONVERSION = YES;
				CLANG_WARN_OBJC_IMPLICIT_RETAIN_SELF = YES;
				CLANG_WARN_OBJC_LITERAL_CONVERSION = YES;
				CLANG_WARN_OBJC_ROOT_CLASS = YES_ERROR;
				CLANG_WARN_QUOTED_INCLUDE_IN_FRAMEWORK_HEADER = YES;
				CLANG_WARN_RANGE_LOOP_ANALYSIS = YES;
				CLANG_WARN_STRICT_PROTOTYPES = YES;
				CLANG_WARN_SUSPICIOUS_MOVE = YES;
				CLANG_WARN_UNGUARDED_AVAILABILITY = YES_AGGRESSIVE;
				CLANG_WARN_UNREACHABLE_CODE = YES;
				CLANG_WARN__DUPLICATE_METHOD_MATCH = YES;
				COPY_PHASE_STRIP = NO;
				DEBUG_INFORMATION_FORMAT = "dwarf-with-dsym";
				ENABLE_NS_ASSERTIONS = NO;
				ENABLE_STRICT_OBJC_MSGSEND = YES;
				ENABLE_USER_SCRIPT_SANDBOXING = YES;
				GCC_C_LANGUAGE_STANDARD = gnu17;
				GCC_NO_COMMON_BLOCKS = YES;
				GCC_WARN_64_TO_32_BIT_CONVERSION = YES;
				GCC_WARN_ABOUT_RETURN_TYPE = YES_ERROR;
				GCC_WARN_UNDECLARED_SELECTOR = YES;
				GCC_WARN_UNINITIALIZED_AUTOS = YES_AGGRESSIVE;
				GCC_WARN_UNUSED_FUNCTION = YES;
				GCC_WARN_UNUSED_VARIABLE = YES;
				IPHONEOS_DEPLOYMENT_TARGET = 13.0;
				LOCALIZATION_PREFERS_STRING_CATALOGS = YES;
				MTL_ENABLE_DEBUG_INFO = NO;
				MTL_FAST_MATH = YES;
				SDKROOT = iphoneos;
				SWIFT_COMPILATION_MODE = wholemodule;
				VALIDATE_PRODUCT = YES;
			};
			name = Release;
		};
		D441392F2D13CC1A007D5995 /* Debug */ = {
			isa = XCBuildConfiguration;
			buildSettings = {
				ASSETCATALOG_COMPILER_APPICON_NAME = AppIcon;
				ASSETCATALOG_COMPILER_GLOBAL_ACCENT_COLOR_NAME = AccentColor;
				CODE_SIGN_STYLE = Automatic;
				CURRENT_PROJECT_VERSION = 1;
				DEVELOPMENT_TEAM = AN4FK745A3;
				GENERATE_INFOPLIST_FILE = YES;
				INFOPLIST_FILE = ImageFeed/Info.plist;
				INFOPLIST_KEY_UIApplicationSupportsIndirectInputEvents = YES;
				INFOPLIST_KEY_UILaunchStoryboardName = LaunchScreen;
				INFOPLIST_KEY_UIMainStoryboardFile = Main;
				INFOPLIST_KEY_UISupportedInterfaceOrientations = UIInterfaceOrientationPortrait;
				IPHONEOS_DEPLOYMENT_TARGET = 13.0;
				LD_RUNPATH_SEARCH_PATHS = (
					"$(inherited)",
					"@executable_path/Frameworks",
				);
				MARKETING_VERSION = 1.0;
				PRODUCT_BUNDLE_IDENTIFIER = "com.github-pavelseleznev.ImageFeed";
				PRODUCT_NAME = "$(TARGET_NAME)";
				SUPPORTED_PLATFORMS = "iphoneos iphonesimulator";
				SUPPORTS_MACCATALYST = NO;
				SUPPORTS_MAC_DESIGNED_FOR_IPHONE_IPAD = NO;
				SUPPORTS_XR_DESIGNED_FOR_IPHONE_IPAD = NO;
				SWIFT_EMIT_LOC_STRINGS = YES;
				SWIFT_VERSION = 5.0;
				TARGETED_DEVICE_FAMILY = 1;
			};
			name = Debug;
		};
		D44139302D13CC1A007D5995 /* Release */ = {
			isa = XCBuildConfiguration;
			buildSettings = {
				ASSETCATALOG_COMPILER_APPICON_NAME = AppIcon;
				ASSETCATALOG_COMPILER_GLOBAL_ACCENT_COLOR_NAME = AccentColor;
				CODE_SIGN_STYLE = Automatic;
				CURRENT_PROJECT_VERSION = 1;
				DEVELOPMENT_TEAM = AN4FK745A3;
				GENERATE_INFOPLIST_FILE = YES;
				INFOPLIST_FILE = ImageFeed/Info.plist;
				INFOPLIST_KEY_UIApplicationSupportsIndirectInputEvents = YES;
				INFOPLIST_KEY_UILaunchStoryboardName = LaunchScreen;
				INFOPLIST_KEY_UIMainStoryboardFile = Main;
				INFOPLIST_KEY_UISupportedInterfaceOrientations = UIInterfaceOrientationPortrait;
				IPHONEOS_DEPLOYMENT_TARGET = 13.0;
				LD_RUNPATH_SEARCH_PATHS = (
					"$(inherited)",
					"@executable_path/Frameworks",
				);
				MARKETING_VERSION = 1.0;
				PRODUCT_BUNDLE_IDENTIFIER = "com.github-pavelseleznev.ImageFeed";
				PRODUCT_NAME = "$(TARGET_NAME)";
				SUPPORTED_PLATFORMS = "iphoneos iphonesimulator";
				SUPPORTS_MACCATALYST = NO;
				SUPPORTS_MAC_DESIGNED_FOR_IPHONE_IPAD = NO;
				SUPPORTS_XR_DESIGNED_FOR_IPHONE_IPAD = NO;
				SWIFT_EMIT_LOC_STRINGS = YES;
				SWIFT_VERSION = 5.0;
				TARGETED_DEVICE_FAMILY = 1;
			};
			name = Release;
		};
/* End XCBuildConfiguration section */

/* Begin XCConfigurationList section */
		D44139152D13CC18007D5995 /* Build configuration list for PBXProject "ImageFeed" */ = {
			isa = XCConfigurationList;
			buildConfigurations = (
				D441392C2D13CC1A007D5995 /* Debug */,
				D441392D2D13CC1A007D5995 /* Release */,
			);
			defaultConfigurationIsVisible = 0;
			defaultConfigurationName = Release;
		};
		D441392E2D13CC1A007D5995 /* Build configuration list for PBXNativeTarget "ImageFeed" */ = {
			isa = XCConfigurationList;
			buildConfigurations = (
				D441392F2D13CC1A007D5995 /* Debug */,
				D44139302D13CC1A007D5995 /* Release */,
			);
			defaultConfigurationIsVisible = 0;
			defaultConfigurationName = Release;
		};
/* End XCConfigurationList section */

/* Begin XCRemoteSwiftPackageReference section */
		D43256362D61DEBE00CF8B25 /* XCRemoteSwiftPackageReference "SwiftKeychainWrapper" */ = {
			isa = XCRemoteSwiftPackageReference;
			repositoryURL = "https://github.com/jrendel/SwiftKeychainWrapper";
			requirement = {
				kind = upToNextMajorVersion;
				minimumVersion = 4.0.1;
			};
		};
		D44BBF992D4E18AD004C1939 /* XCRemoteSwiftPackageReference "ProgressHUD" */ = {
			isa = XCRemoteSwiftPackageReference;
			repositoryURL = "https://github.com/relatedcode/ProgressHUD";
			requirement = {
				kind = upToNextMajorVersion;
				minimumVersion = 14.1.3;
			};
		};
		D4E84CD12D61A42D00CCD42C /* XCRemoteSwiftPackageReference "Kingfisher" */ = {
			isa = XCRemoteSwiftPackageReference;
			repositoryURL = "https://github.com/onevcat/Kingfisher.git";
			requirement = {
				kind = upToNextMajorVersion;
				minimumVersion = 8.2.0;
			};
		};
/* End XCRemoteSwiftPackageReference section */

/* Begin XCSwiftPackageProductDependency section */
		D43256372D61DEBE00CF8B25 /* SwiftKeychainWrapper */ = {
			isa = XCSwiftPackageProductDependency;
			package = D43256362D61DEBE00CF8B25 /* XCRemoteSwiftPackageReference "SwiftKeychainWrapper" */;
			productName = SwiftKeychainWrapper;
		};
		D44BBF9A2D4E18AD004C1939 /* ProgressHUD */ = {
			isa = XCSwiftPackageProductDependency;
			package = D44BBF992D4E18AD004C1939 /* XCRemoteSwiftPackageReference "ProgressHUD" */;
			productName = ProgressHUD;
		};
		D4E84CD22D61A42D00CCD42C /* Kingfisher */ = {
			isa = XCSwiftPackageProductDependency;
			package = D4E84CD12D61A42D00CCD42C /* XCRemoteSwiftPackageReference "Kingfisher" */;
			productName = Kingfisher;
		};
/* End XCSwiftPackageProductDependency section */
	};
	rootObject = D44139122D13CC18007D5995 /* Project object */;
}
